
Microsoft Visual Studio Solution File, Format Version 12.00
# Visual Studio Version 17
VisualStudioVersion = 17.0.31903.59
MinimumVisualStudioVersion = 10.0.40219.1
Project("{9A19103F-16F7-4668-BE54-9A1E7A4F7556}") = "Domain", "src\Domain\Domain.csproj", "{C7E89A3E-A631-4760-8D61-BD1EAB1C4E69}"
EndProject
Project("{9A19103F-16F7-4668-BE54-9A1E7A4F7556}") = "Application", "src\Application\Application.csproj", "{34C0FACD-F3D9-400C-8945-554DD6B0819A}"
EndProject
Project("{9A19103F-16F7-4668-BE54-9A1E7A4F7556}") = "Infrastructure", "src\Infrastructure\Infrastructure.csproj", "{117DA02F-5274-4565-ACC6-DA9B6E568B09}"
EndProject
Project("{2150E333-8FDC-42A3-9474-1A3956D46DE8}") = "src", "src", "{6ED356A7-8B47-4613-AD01-C85CF28491BD}"
EndProject
Project("{2150E333-8FDC-42A3-9474-1A3956D46DE8}") = "tests", "tests", "{664D406C-2F83-48F0-BFC3-408D5CB53C65}"
EndProject
Project("{9A19103F-16F7-4668-BE54-9A1E7A4F7556}") = "Application.UnitTests.NUnit", "tests\Application.UnitTests.NUnit\Application.UnitTests.NUnit.csproj", "{DEFF4009-1FAB-4392-80B6-707E2DC5C00B}"
EndProject
Project("{9A19103F-16F7-4668-BE54-9A1E7A4F7556}") = "Domain.UnitTests", "tests\Domain.UnitTests\Domain.UnitTests.csproj", "{DC37FD87-552C-4613-9F16-1537CA522898}"
EndProject
Project("{9A19103F-16F7-4668-BE54-9A1E7A4F7556}") = "Application.IntegrationTests", "tests\Application.IntegrationTests\Application.IntegrationTests.csproj", "{277029AF-D9E1-4B75-9F11-48FEA7345AD7}"
EndProject
Project("{9A19103F-16F7-4668-BE54-9A1E7A4F7556}") = "WebUI", "src\WebUI\WebUI.csproj", "{22454EE9-16B3-4B7A-8352-37E59B858155}"
EndProject
Project("{9A19103F-16F7-4668-BE54-9A1E7A4F7556}") = "SharedKernel", "src\SharedKernel\SharedKernel.csproj", "{A7A4C6CA-B72D-4018-ADE5-C8C0B61B10B5}"
EndProject
Project("{9A19103F-16F7-4668-BE54-9A1E7A4F7556}") = "Infrastructure.AzureTable", "src\Infrastructure.AzureTable\Infrastructure.AzureTable.csproj", "{4B511482-0BBD-4E0A-BE14-8221E558DC1F}"
EndProject
Project("{9A19103F-16F7-4668-BE54-9A1E7A4F7556}") = "Web.AzureFunction", "src\Web.AzureFunction\Web.AzureFunction.csproj", "{FCD26109-5E94-46F0-B6D6-617286E9E7CF}"
EndProject
Project("{9A19103F-16F7-4668-BE54-9A1E7A4F7556}") = "Web.AzureFunction.Isolated", "src\Web.AzureFunction.Isolated\Web.AzureFunction.Isolated.csproj", "{56CE867D-9058-498E-A32A-847017E0644B}"
EndProject
Project("{9A19103F-16F7-4668-BE54-9A1E7A4F7556}") = "Infrastructure.AzureTable.UnitTests", "tests\Infrastructure.AzureTable.UnitTests\Infrastructure.AzureTable.UnitTests.csproj", "{325585AD-2E37-40E7-919B-D7F9A8DA04C1}"
EndProject
Project("{FAE04EC0-301F-11D3-BF4B-00C04F79EFBC}") = "Application.UnitTests", "tests\Application.UnitTests\Application.UnitTests.csproj", "{BD4477E8-3B4F-4007-92D9-DC504834CC32}"
EndProject
Global
	GlobalSection(SolutionConfigurationPlatforms) = preSolution
		Debug|Any CPU = Debug|Any CPU
		Release|Any CPU = Release|Any CPU
	EndGlobalSection
	GlobalSection(ProjectConfigurationPlatforms) = postSolution
		{C7E89A3E-A631-4760-8D61-BD1EAB1C4E69}.Debug|Any CPU.ActiveCfg = Debug|Any CPU
		{C7E89A3E-A631-4760-8D61-BD1EAB1C4E69}.Debug|Any CPU.Build.0 = Debug|Any CPU
		{C7E89A3E-A631-4760-8D61-BD1EAB1C4E69}.Release|Any CPU.ActiveCfg = Release|Any CPU
		{C7E89A3E-A631-4760-8D61-BD1EAB1C4E69}.Release|Any CPU.Build.0 = Release|Any CPU
		{34C0FACD-F3D9-400C-8945-554DD6B0819A}.Debug|Any CPU.ActiveCfg = Debug|Any CPU
		{34C0FACD-F3D9-400C-8945-554DD6B0819A}.Debug|Any CPU.Build.0 = Debug|Any CPU
		{34C0FACD-F3D9-400C-8945-554DD6B0819A}.Release|Any CPU.ActiveCfg = Release|Any CPU
		{34C0FACD-F3D9-400C-8945-554DD6B0819A}.Release|Any CPU.Build.0 = Release|Any CPU
		{117DA02F-5274-4565-ACC6-DA9B6E568B09}.Debug|Any CPU.ActiveCfg = Debug|Any CPU
		{117DA02F-5274-4565-ACC6-DA9B6E568B09}.Debug|Any CPU.Build.0 = Debug|Any CPU
		{117DA02F-5274-4565-ACC6-DA9B6E568B09}.Release|Any CPU.ActiveCfg = Release|Any CPU
		{117DA02F-5274-4565-ACC6-DA9B6E568B09}.Release|Any CPU.Build.0 = Release|Any CPU
		{DEFF4009-1FAB-4392-80B6-707E2DC5C00B}.Debug|Any CPU.ActiveCfg = Debug|Any CPU
		{DEFF4009-1FAB-4392-80B6-707E2DC5C00B}.Debug|Any CPU.Build.0 = Debug|Any CPU
		{DEFF4009-1FAB-4392-80B6-707E2DC5C00B}.Release|Any CPU.ActiveCfg = Release|Any CPU
		{DEFF4009-1FAB-4392-80B6-707E2DC5C00B}.Release|Any CPU.Build.0 = Release|Any CPU
		{DC37FD87-552C-4613-9F16-1537CA522898}.Debug|Any CPU.ActiveCfg = Debug|Any CPU
		{DC37FD87-552C-4613-9F16-1537CA522898}.Debug|Any CPU.Build.0 = Debug|Any CPU
		{DC37FD87-552C-4613-9F16-1537CA522898}.Release|Any CPU.ActiveCfg = Release|Any CPU
		{DC37FD87-552C-4613-9F16-1537CA522898}.Release|Any CPU.Build.0 = Release|Any CPU
		{277029AF-D9E1-4B75-9F11-48FEA7345AD7}.Debug|Any CPU.ActiveCfg = Debug|Any CPU
		{277029AF-D9E1-4B75-9F11-48FEA7345AD7}.Debug|Any CPU.Build.0 = Debug|Any CPU
		{277029AF-D9E1-4B75-9F11-48FEA7345AD7}.Release|Any CPU.ActiveCfg = Release|Any CPU
		{277029AF-D9E1-4B75-9F11-48FEA7345AD7}.Release|Any CPU.Build.0 = Release|Any CPU
		{22454EE9-16B3-4B7A-8352-37E59B858155}.Debug|Any CPU.ActiveCfg = Debug|Any CPU
		{22454EE9-16B3-4B7A-8352-37E59B858155}.Debug|Any CPU.Build.0 = Debug|Any CPU
		{22454EE9-16B3-4B7A-8352-37E59B858155}.Release|Any CPU.ActiveCfg = Release|Any CPU
		{22454EE9-16B3-4B7A-8352-37E59B858155}.Release|Any CPU.Build.0 = Release|Any CPU
		{A7A4C6CA-B72D-4018-ADE5-C8C0B61B10B5}.Debug|Any CPU.ActiveCfg = Debug|Any CPU
		{A7A4C6CA-B72D-4018-ADE5-C8C0B61B10B5}.Debug|Any CPU.Build.0 = Debug|Any CPU
		{A7A4C6CA-B72D-4018-ADE5-C8C0B61B10B5}.Release|Any CPU.ActiveCfg = Release|Any CPU
		{A7A4C6CA-B72D-4018-ADE5-C8C0B61B10B5}.Release|Any CPU.Build.0 = Release|Any CPU
		{4B511482-0BBD-4E0A-BE14-8221E558DC1F}.Debug|Any CPU.ActiveCfg = Debug|Any CPU
		{4B511482-0BBD-4E0A-BE14-8221E558DC1F}.Debug|Any CPU.Build.0 = Debug|Any CPU
		{4B511482-0BBD-4E0A-BE14-8221E558DC1F}.Release|Any CPU.ActiveCfg = Release|Any CPU
		{4B511482-0BBD-4E0A-BE14-8221E558DC1F}.Release|Any CPU.Build.0 = Release|Any CPU
		{FCD26109-5E94-46F0-B6D6-617286E9E7CF}.Debug|Any CPU.ActiveCfg = Debug|Any CPU
		{FCD26109-5E94-46F0-B6D6-617286E9E7CF}.Debug|Any CPU.Build.0 = Debug|Any CPU
		{FCD26109-5E94-46F0-B6D6-617286E9E7CF}.Release|Any CPU.ActiveCfg = Release|Any CPU
		{FCD26109-5E94-46F0-B6D6-617286E9E7CF}.Release|Any CPU.Build.0 = Release|Any CPU
		{56CE867D-9058-498E-A32A-847017E0644B}.Debug|Any CPU.ActiveCfg = Debug|Any CPU
		{56CE867D-9058-498E-A32A-847017E0644B}.Debug|Any CPU.Build.0 = Debug|Any CPU
		{56CE867D-9058-498E-A32A-847017E0644B}.Release|Any CPU.ActiveCfg = Release|Any CPU
		{56CE867D-9058-498E-A32A-847017E0644B}.Release|Any CPU.Build.0 = Release|Any CPU
		{325585AD-2E37-40E7-919B-D7F9A8DA04C1}.Debug|Any CPU.ActiveCfg = Debug|Any CPU
		{325585AD-2E37-40E7-919B-D7F9A8DA04C1}.Debug|Any CPU.Build.0 = Debug|Any CPU
		{325585AD-2E37-40E7-919B-D7F9A8DA04C1}.Release|Any CPU.ActiveCfg = Release|Any CPU
		{325585AD-2E37-40E7-919B-D7F9A8DA04C1}.Release|Any CPU.Build.0 = Release|Any CPU
		{BD4477E8-3B4F-4007-92D9-DC504834CC32}.Debug|Any CPU.ActiveCfg = Debug|Any CPU
		{BD4477E8-3B4F-4007-92D9-DC504834CC32}.Debug|Any CPU.Build.0 = Debug|Any CPU
		{BD4477E8-3B4F-4007-92D9-DC504834CC32}.Release|Any CPU.ActiveCfg = Release|Any CPU
		{BD4477E8-3B4F-4007-92D9-DC504834CC32}.Release|Any CPU.Build.0 = Release|Any CPU
	EndGlobalSection
	GlobalSection(SolutionProperties) = preSolution
		HideSolutionNode = FALSE
	EndGlobalSection
	GlobalSection(NestedProjects) = preSolution
		{C7E89A3E-A631-4760-8D61-BD1EAB1C4E69} = {6ED356A7-8B47-4613-AD01-C85CF28491BD}
		{34C0FACD-F3D9-400C-8945-554DD6B0819A} = {6ED356A7-8B47-4613-AD01-C85CF28491BD}
		{117DA02F-5274-4565-ACC6-DA9B6E568B09} = {6ED356A7-8B47-4613-AD01-C85CF28491BD}
		{DEFF4009-1FAB-4392-80B6-707E2DC5C00B} = {664D406C-2F83-48F0-BFC3-408D5CB53C65}
		{DC37FD87-552C-4613-9F16-1537CA522898} = {664D406C-2F83-48F0-BFC3-408D5CB53C65}
		{277029AF-D9E1-4B75-9F11-48FEA7345AD7} = {664D406C-2F83-48F0-BFC3-408D5CB53C65}
		{22454EE9-16B3-4B7A-8352-37E59B858155} = {6ED356A7-8B47-4613-AD01-C85CF28491BD}
		{A7A4C6CA-B72D-4018-ADE5-C8C0B61B10B5} = {6ED356A7-8B47-4613-AD01-C85CF28491BD}
		{4B511482-0BBD-4E0A-BE14-8221E558DC1F} = {6ED356A7-8B47-4613-AD01-C85CF28491BD}
		{FCD26109-5E94-46F0-B6D6-617286E9E7CF} = {6ED356A7-8B47-4613-AD01-C85CF28491BD}
		{56CE867D-9058-498E-A32A-847017E0644B} = {6ED356A7-8B47-4613-AD01-C85CF28491BD}
		{325585AD-2E37-40E7-919B-D7F9A8DA04C1} = {664D406C-2F83-48F0-BFC3-408D5CB53C65}
		{BD4477E8-3B4F-4007-92D9-DC504834CC32} = {664D406C-2F83-48F0-BFC3-408D5CB53C65}
	EndGlobalSection
	GlobalSection(ExtensibilityGlobals) = postSolution
		SolutionGuid = {3CB609D9-5D54-4C11-A371-DAAC8B74E430}
	EndGlobalSection
EndGlobal
