
Microsoft Visual Studio Solution File, Format Version 12.00
# Visual Studio Version 17
VisualStudioVersion = 17.0.31903.59
MinimumVisualStudioVersion = 10.0.40219.1
Project("{9A19103F-16F7-4668-BE54-9A1E7A4F7556}") = "Domain", "src\Domain\Domain.csproj", "{C7E89A3E-A631-4760-8D61-BD1EAB1C4E69}"
EndProject
Project("{9A19103F-16F7-4668-BE54-9A1E7A4F7556}") = "Application", "src\Application\Application.csproj", "{34C0FACD-F3D9-400C-8945-554DD6B0819A}"
EndProject
Project("{2150E333-8FDC-42A3-9474-1A3956D46DE8}") = "src", "src", "{6ED356A7-8B47-4613-AD01-C85CF28491BD}"
EndProject
Project("{2150E333-8FDC-42A3-9474-1A3956D46DE8}") = "tests", "tests", "{664D406C-2F83-48F0-BFC3-408D5CB53C65}"
EndProject
Project("{9A19103F-16F7-4668-BE54-9A1E7A4F7556}") = "Infrastructure.AzureTable", "src\Infrastructure.AzureTable\Infrastructure.AzureTable.csproj", "{4B511482-0BBD-4E0A-BE14-8221E558DC1F}"
EndProject
Project("{9A19103F-16F7-4668-BE54-9A1E7A4F7556}") = "Infrastructure.AzureTable.UnitTests", "tests\Infrastructure.AzureTable.UnitTests\Infrastructure.AzureTable.UnitTests.csproj", "{325585AD-2E37-40E7-919B-D7F9A8DA04C1}"
EndProject
Project("{9A19103F-16F7-4668-BE54-9A1E7A4F7556}") = "Application.UnitTests", "tests\Application.UnitTests\Application.UnitTests.csproj", "{BD4477E8-3B4F-4007-92D9-DC504834CC32}"
EndProject
Project("{9A19103F-16F7-4668-BE54-9A1E7A4F7556}") = "Domain.UnitTests", "tests\Domain.UnitTests\Domain.UnitTests.csproj", "{BD47A934-B37B-400F-BF3C-5129D83CF2DB}"
EndProject
Project("{9A19103F-16F7-4668-BE54-9A1E7A4F7556}") = "Web.AzureFunction", "src\Web.AzureFunction\Web.AzureFunction.csproj", "{BCC9012B-4FDE-4B36-B732-657127C5B868}"
EndProject
Project("{9A19103F-16F7-4668-BE54-9A1E7A4F7556}") = "Web.AzureFunction.Isolated", "src\Web.AzureFunction.Isolated\Web.AzureFunction.Isolated.csproj", "{B1CFC358-67D2-4ED1-8236-B16C9243927D}"
EndProject
Project("{2150E333-8FDC-42A3-9474-1A3956D46DE8}") = "DevOps", "DevOps", "{48A9B3C6-CE9C-48CF-B747-B272C308DAC1}"
	ProjectSection(SolutionItems) = preProject
		devops\main.bicep = devops\main.bicep
		devops\prodParameters.json = devops\prodParameters.json
	EndProjectSection
EndProject
Project("{2150E333-8FDC-42A3-9474-1A3956D46DE8}") = "modules", "modules", "{FD1236E0-4187-477B-ADFB-D741B5CD4B8E}"
	ProjectSection(SolutionItems) = preProject
		devops\modules\azureFunction.bicep = devops\modules\azureFunction.bicep
		devops\modules\managedIdentity.bicep = devops\modules\managedIdentity.bicep
		devops\modules\storageService.bicep = devops\modules\storageService.bicep
	EndProjectSection
EndProject
Global
	GlobalSection(SolutionConfigurationPlatforms) = preSolution
		Debug|Any CPU = Debug|Any CPU
		Release|Any CPU = Release|Any CPU
	EndGlobalSection
	GlobalSection(ProjectConfigurationPlatforms) = postSolution
		{C7E89A3E-A631-4760-8D61-BD1EAB1C4E69}.Debug|Any CPU.ActiveCfg = Debug|Any CPU
		{C7E89A3E-A631-4760-8D61-BD1EAB1C4E69}.Debug|Any CPU.Build.0 = Debug|Any CPU
		{C7E89A3E-A631-4760-8D61-BD1EAB1C4E69}.Release|Any CPU.ActiveCfg = Release|Any CPU
		{C7E89A3E-A631-4760-8D61-BD1EAB1C4E69}.Release|Any CPU.Build.0 = Release|Any CPU
		{34C0FACD-F3D9-400C-8945-554DD6B0819A}.Debug|Any CPU.ActiveCfg = Debug|Any CPU
		{34C0FACD-F3D9-400C-8945-554DD6B0819A}.Debug|Any CPU.Build.0 = Debug|Any CPU
		{34C0FACD-F3D9-400C-8945-554DD6B0819A}.Release|Any CPU.ActiveCfg = Release|Any CPU
		{34C0FACD-F3D9-400C-8945-554DD6B0819A}.Release|Any CPU.Build.0 = Release|Any CPU
		{4B511482-0BBD-4E0A-BE14-8221E558DC1F}.Debug|Any CPU.ActiveCfg = Debug|Any CPU
		{4B511482-0BBD-4E0A-BE14-8221E558DC1F}.Debug|Any CPU.Build.0 = Debug|Any CPU
		{4B511482-0BBD-4E0A-BE14-8221E558DC1F}.Release|Any CPU.ActiveCfg = Release|Any CPU
		{4B511482-0BBD-4E0A-BE14-8221E558DC1F}.Release|Any CPU.Build.0 = Release|Any CPU
		{325585AD-2E37-40E7-919B-D7F9A8DA04C1}.Debug|Any CPU.ActiveCfg = Debug|Any CPU
		{325585AD-2E37-40E7-919B-D7F9A8DA04C1}.Debug|Any CPU.Build.0 = Debug|Any CPU
		{325585AD-2E37-40E7-919B-D7F9A8DA04C1}.Release|Any CPU.ActiveCfg = Release|Any CPU
		{325585AD-2E37-40E7-919B-D7F9A8DA04C1}.Release|Any CPU.Build.0 = Release|Any CPU
		{BD4477E8-3B4F-4007-92D9-DC504834CC32}.Debug|Any CPU.ActiveCfg = Debug|Any CPU
		{BD4477E8-3B4F-4007-92D9-DC504834CC32}.Debug|Any CPU.Build.0 = Debug|Any CPU
		{BD4477E8-3B4F-4007-92D9-DC504834CC32}.Release|Any CPU.ActiveCfg = Release|Any CPU
		{BD4477E8-3B4F-4007-92D9-DC504834CC32}.Release|Any CPU.Build.0 = Release|Any CPU
		{BD47A934-B37B-400F-BF3C-5129D83CF2DB}.Debug|Any CPU.ActiveCfg = Debug|Any CPU
		{BD47A934-B37B-400F-BF3C-5129D83CF2DB}.Debug|Any CPU.Build.0 = Debug|Any CPU
		{BD47A934-B37B-400F-BF3C-5129D83CF2DB}.Release|Any CPU.ActiveCfg = Release|Any CPU
		{BD47A934-B37B-400F-BF3C-5129D83CF2DB}.Release|Any CPU.Build.0 = Release|Any CPU
		{BCC9012B-4FDE-4B36-B732-657127C5B868}.Debug|Any CPU.ActiveCfg = Debug|Any CPU
		{BCC9012B-4FDE-4B36-B732-657127C5B868}.Debug|Any CPU.Build.0 = Debug|Any CPU
		{BCC9012B-4FDE-4B36-B732-657127C5B868}.Release|Any CPU.ActiveCfg = Release|Any CPU
		{BCC9012B-4FDE-4B36-B732-657127C5B868}.Release|Any CPU.Build.0 = Release|Any CPU
		{B1CFC358-67D2-4ED1-8236-B16C9243927D}.Debug|Any CPU.ActiveCfg = Debug|Any CPU
		{B1CFC358-67D2-4ED1-8236-B16C9243927D}.Debug|Any CPU.Build.0 = Debug|Any CPU
		{B1CFC358-67D2-4ED1-8236-B16C9243927D}.Release|Any CPU.ActiveCfg = Release|Any CPU
		{B1CFC358-67D2-4ED1-8236-B16C9243927D}.Release|Any CPU.Build.0 = Release|Any CPU
	EndGlobalSection
	GlobalSection(SolutionProperties) = preSolution
		HideSolutionNode = FALSE
	EndGlobalSection
	GlobalSection(NestedProjects) = preSolution
		{C7E89A3E-A631-4760-8D61-BD1EAB1C4E69} = {6ED356A7-8B47-4613-AD01-C85CF28491BD}
		{34C0FACD-F3D9-400C-8945-554DD6B0819A} = {6ED356A7-8B47-4613-AD01-C85CF28491BD}
		{4B511482-0BBD-4E0A-BE14-8221E558DC1F} = {6ED356A7-8B47-4613-AD01-C85CF28491BD}
		{325585AD-2E37-40E7-919B-D7F9A8DA04C1} = {664D406C-2F83-48F0-BFC3-408D5CB53C65}
		{BD4477E8-3B4F-4007-92D9-DC504834CC32} = {664D406C-2F83-48F0-BFC3-408D5CB53C65}
		{BD47A934-B37B-400F-BF3C-5129D83CF2DB} = {664D406C-2F83-48F0-BFC3-408D5CB53C65}
		{BCC9012B-4FDE-4B36-B732-657127C5B868} = {6ED356A7-8B47-4613-AD01-C85CF28491BD}
		{B1CFC358-67D2-4ED1-8236-B16C9243927D} = {6ED356A7-8B47-4613-AD01-C85CF28491BD}
		{FD1236E0-4187-477B-ADFB-D741B5CD4B8E} = {48A9B3C6-CE9C-48CF-B747-B272C308DAC1}
	EndGlobalSection
	GlobalSection(ExtensibilityGlobals) = postSolution
		SolutionGuid = {3CB609D9-5D54-4C11-A371-DAAC8B74E430}
	EndGlobalSection
EndGlobal
