{
  "version": 1,
  "dependencies": {
    "net6.0": {
      "Microsoft.Azure.Functions.Worker": {
        "type": "Direct",
        "requested": "[1.10.0, )",
        "resolved": "1.10.0",
        "contentHash": "LBase3J7/ZBaCrAgcTu629tCXleoO+4oft+6Q/F0HL5oc6qFqpMZ5oxMiA34kGXhb9D3A/CghJtNEwiBF1qWCA==",
        "dependencies": {
          "Azure.Core": "1.10.0",
          "Microsoft.Azure.Functions.Worker.Core": "1.8.0",
          "Microsoft.Azure.Functions.Worker.Grpc": "1.6.0",
          "Microsoft.Extensions.Hosting": "5.0.0",
          "Microsoft.Extensions.Hosting.Abstractions": "5.0.0"
        }
      },
      "Microsoft.Azure.Functions.Worker.Extensions.Http": {
        "type": "Direct",
        "requested": "[3.0.13, )",
        "resolved": "3.0.13",
        "contentHash": "GX41psGbjLSPKuFnBcGGB7PAAdhfLsgxvGVsyGq/jQwgGwjAVRRx2UbSl35+imKwCPZdT5vGjq6YV1rgXIeEvA==",
        "dependencies": {
          "Microsoft.Azure.Functions.Worker.Extensions.Abstractions": "1.0.0"
        }
      },
      "Microsoft.Azure.Functions.Worker.Sdk": {
        "type": "Direct",
        "requested": "[1.7.0, )",
        "resolved": "1.7.0",
        "contentHash": "kJZEtB4EIB3VeXyUxfilXWE6c49rNnIZvPvPBN6tpTvNHqJQrXm7pgsjwmE3Qw2t2EwhDgVdFDckWNbQQnnS1w==",
        "dependencies": {
          "Microsoft.Azure.Functions.Worker.Sdk.Analyzers": "1.1.0",
          "Microsoft.Azure.Functions.Worker.Sdk.Generators": "1.0.0-preview1"
        }
      },
      "Microsoft.CodeAnalysis.CSharp.Workspaces": {
        "type": "Direct",
        "requested": "[4.3.1, )",
        "resolved": "4.3.1",
        "contentHash": "mRTePOunrPzWkUT7I/FUQF6EFopAuYt0EiYbznkULOyHFT9eHDtN+gaHxqx9or/edAXgpm0KVeybQ83ri/M9Ww==",
        "dependencies": {
          "Humanizer.Core": "2.14.1",
          "Microsoft.CodeAnalysis.CSharp": "[4.3.1]",
          "Microsoft.CodeAnalysis.Common": "[4.3.1]",
          "Microsoft.CodeAnalysis.Workspaces.Common": "[4.3.1]"
        }
      },
      "Microsoft.VisualStudio.Threading.Analyzers": {
        "type": "Direct",
        "requested": "[17.3.48, )",
        "resolved": "17.3.48",
        "contentHash": "WZgmhbdKg3zRmLzXh2qB9e3K1hzJKZO5Iv3awDupCsMJ4t5r/SOjtP6P3O/phv75SRG38bCOCsd8leZJzXJqOA=="
      },
      "AutoMapper": {
        "type": "Transitive",
        "resolved": "12.0.0",
        "contentHash": "0Rmg0zI5AFu1O/y//o9VGyhxKjhggWpk9mOA1tp0DEVx40c61bs+lnQv+0jUq8XbniF7FKgIVvI1perqiMtLrA==",
        "dependencies": {
          "Microsoft.CSharp": "4.7.0"
        }
      },
      "AutoMapper.Extensions.Microsoft.DependencyInjection": {
        "type": "Transitive",
        "resolved": "12.0.0",
        "contentHash": "XCJ4E3oKrbRl1qY9Mr+7uyC0xZj1+bqQjmQRWTiTKiVuuXTny+7YFWHi20tPjwkMukLbicN6yGlDy5PZ4wyi1w==",
        "dependencies": {
          "AutoMapper": "12.0.0",
          "Microsoft.Extensions.Options": "6.0.0"
        }
      },
      "Azure.Core": {
        "type": "Transitive",
        "resolved": "1.25.0",
        "contentHash": "X8Dd4sAggS84KScWIjEbFAdt2U1KDolQopTPoHVubG2y3CM54f9l6asVrP5Uy384NWXjsspPYaJgz5xHc+KvTA==",
        "dependencies": {
          "Microsoft.Bcl.AsyncInterfaces": "1.1.1",
          "System.Diagnostics.DiagnosticSource": "4.6.0",
          "System.Memory.Data": "1.0.2",
          "System.Numerics.Vectors": "4.5.0",
          "System.Text.Encodings.Web": "4.7.2",
          "System.Text.Json": "4.7.2",
          "System.Threading.Tasks.Extensions": "4.5.4"
        }
      },
      "Azure.Data.Tables": {
        "type": "Transitive",
        "resolved": "12.6.1",
        "contentHash": "EnbcshkRrDHlBGz6LcFlfDVOtd8P+atSREfStLzjnzzIZXY+N6xPldtPQPVda2s93ENdoE9oW0azTyju2ek3Ag==",
        "dependencies": {
          "Azure.Core": "1.25.0",
          "System.Text.Json": "4.7.2"
        }
      },
      "FluentValidation": {
        "type": "Transitive",
        "resolved": "11.2.2",
        "contentHash": "5QEte2BUZZF6Sezeekr7Zu1THfgpxU7pmuL2SjIrajuGMah+pxPGiRiLtw+x/tSUSSVmcv9LrUe41lKu4l0n4A=="
      },
      "FluentValidation.DependencyInjectionExtensions": {
        "type": "Transitive",
        "resolved": "11.2.2",
        "contentHash": "4JFJec9ILLax7vrVN7S6mVzlvc2Lwqu0lN3yl0LUoNVsJ8m1QB/twif/DX05EG+pYD83SWJ07wQ65WePGu2iGg==",
        "dependencies": {
          "FluentValidation": "11.2.2",
          "Microsoft.Extensions.Dependencyinjection.Abstractions": "2.1.0"
        }
      },
      "Google.Protobuf": {
        "type": "Transitive",
        "resolved": "3.21.7",
        "contentHash": "0Q+wYqtEVjRxVbtfxXzTUzwLGMZJKqhmIgdDpwWyg8J4ykYqfPn0M60FPBcZkjiGgtJqvZp+8t2van9rxTCLWQ=="
      },
      "Grpc.Core.Api": {
        "type": "Transitive",
        "resolved": "2.49.0",
        "contentHash": "6OTcSQ8iML+xzmELhH4anUZlNM3dHDKPFBsMLSdiT80LJaaZKxwZml/K9ZdfLIjSR/EzdMZzzU2Avbedz4N7BA==",
        "dependencies": {
          "System.Memory": "4.5.3"
        }
      },
      "Grpc.Net.Client": {
        "type": "Transitive",
        "resolved": "2.49.0",
        "contentHash": "mLXxEJzqnRHseVzRCzSQznA7y8pcSStVbstLTUuQRulN7kREovh82ctNkGpkfwONi/DHoWscX9mJLiAmh0gjOQ==",
        "dependencies": {
          "Grpc.Net.Common": "2.49.0",
          "Microsoft.Extensions.Logging.Abstractions": "3.0.3"
        }
      },
      "Grpc.Net.ClientFactory": {
        "type": "Transitive",
        "resolved": "2.49.0",
        "contentHash": "4Ac7dsrARbcs1g2vrUSUadtZ0kIGTk6yhA5ccOBjgM+RTzY3L54TgMddmeaV7/Z4f9sZn6T1ls6FmUiG8Dms+Q==",
        "dependencies": {
          "Grpc.Net.Client": "2.49.0",
          "Microsoft.Extensions.Http": "3.0.3"
        }
      },
      "Grpc.Net.Common": {
        "type": "Transitive",
        "resolved": "2.49.0",
        "contentHash": "G0TVTS8fjCk8b7td/E7C8/ssJPm3JnGVBKsveoj/89PIwIee72qkXG+tVn5c1gwTanEFPdyPoydna/bmU/NAaw==",
        "dependencies": {
          "Grpc.Core.Api": "2.49.0"
        }
      },
      "Humanizer.Core": {
        "type": "Transitive",
        "resolved": "2.14.1",
        "contentHash": "lQKvtaTDOXnoVJ20ibTuSIOf2i0uO0MPbDhd1jm238I+U/2ZnRENj0cktKZhtchBMtCUSRQ5v4xBCUbKNmyVMw=="
      },
      "MediatR": {
        "type": "Transitive",
        "resolved": "11.0.0",
        "contentHash": "8klzVGZQiA2oxZRzQFBZbdPD/IQUm9RYtfiyTDKhxDQ99Gi93+GXt1ZJjH2D7Lh7ZFHCv5XdkwbmfHEQBCatPg==",
        "dependencies": {
          "MediatR.Contracts": "1.0.1"
        }
      },
      "MediatR.Contracts": {
        "type": "Transitive",
        "resolved": "1.0.1",
        "contentHash": "NsRvOxthhkYml4DcBMyJsmym8C4MchioH7wxKVPEg7plFj9Euh/i4IcmZ3Gvgx6+K8obeuhPeJdoBl56wnuo3A=="
      },
      "MediatR.Extensions.Microsoft.DependencyInjection": {
        "type": "Transitive",
        "resolved": "11.0.0",
        "contentHash": "jfD2NBYvP+HiUil2DWfM4bn+bCLp4H2xvoc9aorcnn2Jpgz7Ey8RyYMpgqeF3bs6CP6t8pzb6WkF5NFF/1RLHA==",
        "dependencies": {
          "MediatR": "11.0.0",
          "Microsoft.Extensions.DependencyInjection.Abstractions": "6.0.0"
        }
      },
      "Microsoft.Azure.Functions.Worker.Core": {
        "type": "Transitive",
        "resolved": "1.8.0",
        "contentHash": "8awXnik71Og7WAKUQLhPAatm236Icf9XAu0oerNCGjfAVjIF6o5U1M7id9V368ZvCsEXN3Ejq0sGRAEzjt/t6A==",
        "dependencies": {
          "Azure.Core": "1.10.0",
          "Microsoft.Extensions.Hosting": "5.0.0",
          "Microsoft.Extensions.Hosting.Abstractions": "5.0.0",
          "System.Collections.Immutable": "5.0.0"
        }
      },
      "Microsoft.Azure.Functions.Worker.Extensions.Abstractions": {
        "type": "Transitive",
        "resolved": "1.0.0",
        "contentHash": "9dPxxE6KdBXM4JEiwfs6W+DuZ+7UAE0Ea2pSmSTQ/e954HDVfcEcSyIopZujjK1jbwExSBbBQHwn6VrA2Dpx2A=="
      },
      "Microsoft.Azure.Functions.Worker.Grpc": {
        "type": "Transitive",
        "resolved": "1.6.0",
        "contentHash": "r0bAEtBNy9ropO+Ii5V82l8X6R9mbYlGrXlTQPZI09JQuPJiQ86xc36+YLledVn8t8R2EiJMw5UUOpSOXY/ADw==",
        "dependencies": {
          "Azure.Core": "1.10.0",
          "Google.Protobuf": "3.21.7",
          "Grpc.Net.Client": "2.49.0",
          "Grpc.Net.ClientFactory": "2.49.0",
          "Microsoft.Azure.Functions.Worker.Core": "1.8.0",
          "Microsoft.Extensions.Hosting": "5.0.0",
          "Microsoft.Extensions.Hosting.Abstractions": "5.0.0"
        }
      },
      "Microsoft.Azure.Functions.Worker.Sdk.Analyzers": {
        "type": "Transitive",
        "resolved": "1.1.0",
        "contentHash": "J7AZ9iv/UCd4Di0c84h1P/Sa1aQr5uqO0EBUKwE0AZeWJ11dDfKAwxMiAxYOKR+giy31DWBnuFc4GKY3BQYUjg=="
      },
      "Microsoft.Azure.Functions.Worker.Sdk.Generators": {
        "type": "Transitive",
        "resolved": "1.0.0-preview1",
        "contentHash": "XwJtFvfC0NlqpcNsZzcf8td9Pg4NlstU9+eKTrRxKp0kiNK5EowoixhUIeK/wseI9R0goILZdQ190tkwlojbTw==",
        "dependencies": {
          "Microsoft.CodeAnalysis.CSharp": "3.11.0"
        }
      },
      "Microsoft.Bcl.AsyncInterfaces": {
        "type": "Transitive",
        "resolved": "6.0.0",
        "contentHash": "UcSjPsst+DfAdJGVDsu346FX0ci0ah+lw3WRtn18NUwEqRt70HaOQ7lI72vy3+1LxtqI3T5GWwV39rQSrCzAeg=="
      },
      "Microsoft.CodeAnalysis.Analyzers": {
        "type": "Transitive",
        "resolved": "3.3.3",
        "contentHash": "j/rOZtLMVJjrfLRlAMckJLPW/1rze9MT1yfWqSIbUPGRu1m1P0fuo9PmqapwsmePfGB5PJrudQLvmUOAMF0DqQ=="
      },
      "Microsoft.CodeAnalysis.Common": {
        "type": "Transitive",
        "resolved": "4.3.1",
        "contentHash": "wexpJffSEEwptwe6UTMxRDZCCtz+XubI4Qewl4JECnNhcQrtb0anhSUEV9Nz7WkoNfWkx1fptR8xh1egoxYrqw==",
        "dependencies": {
          "Microsoft.CodeAnalysis.Analyzers": "3.3.3",
          "System.Collections.Immutable": "6.0.0",
          "System.Memory": "4.5.4",
          "System.Reflection.Metadata": "5.0.0",
          "System.Runtime.CompilerServices.Unsafe": "6.0.0",
          "System.Text.Encoding.CodePages": "6.0.0",
          "System.Threading.Tasks.Extensions": "4.5.4"
        }
      },
      "Microsoft.CodeAnalysis.CSharp": {
        "type": "Transitive",
        "resolved": "4.3.1",
        "contentHash": "5C9VHvahL98tumlyaT/loB5rW+K/6q0UU7uLyT1Dv15YjZraRkqML9u2t2e8GaO7XqEOtBVqK/SlxXOPqwzxog==",
        "dependencies": {
          "Microsoft.CodeAnalysis.Common": "[4.3.1]"
        }
      },
      "Microsoft.CodeAnalysis.Workspaces.Common": {
        "type": "Transitive",
        "resolved": "4.3.1",
        "contentHash": "PtkBobNNtAJ6teR/tzuDGf4829DcIUJJqN4wRtshRG28Xs+DRvnE4znFvZWJ8hsnBWGsywqjpRYjvoAdIYi3NA==",
        "dependencies": {
          "Humanizer.Core": "2.14.1",
          "Microsoft.Bcl.AsyncInterfaces": "6.0.0",
          "Microsoft.CodeAnalysis.Common": "[4.3.1]",
          "System.Composition": "6.0.0",
          "System.IO.Pipelines": "6.0.3"
        }
      },
      "Microsoft.CSharp": {
        "type": "Transitive",
        "resolved": "4.7.0",
        "contentHash": "pTj+D3uJWyN3My70i2Hqo+OXixq3Os2D1nJ2x92FFo6sk8fYS1m1WLNTs0Dc1uPaViH0YvEEwvzddQ7y4rhXmA=="
      },
      "Microsoft.EntityFrameworkCore": {
        "type": "Transitive",
        "resolved": "6.0.10",
        "contentHash": "aMk8c7XKynkDJM8vnRuVz3VHSLiWy4tWpkvSdrQ4No1DNLdtTI6P3iT2wAPvVkuJsS22Ifs62/Jr6AyveX5b4A==",
        "dependencies": {
          "Microsoft.EntityFrameworkCore.Abstractions": "6.0.10",
          "Microsoft.EntityFrameworkCore.Analyzers": "6.0.10",
          "Microsoft.Extensions.Caching.Memory": "6.0.1",
          "Microsoft.Extensions.DependencyInjection": "6.0.1",
          "Microsoft.Extensions.Logging": "6.0.0",
          "System.Collections.Immutable": "6.0.0",
          "System.Diagnostics.DiagnosticSource": "6.0.0"
        }
      },
      "Microsoft.EntityFrameworkCore.Abstractions": {
        "type": "Transitive",
        "resolved": "6.0.10",
        "contentHash": "3BMwnBB6Bgwd6bjUqx2pOYuHpGBHCJxY3vorRJYX3U2wzrz5q4jNxDZZGsMViFZeJ7PXFIwbgy6rR73J5aalsg=="
      },
      "Microsoft.EntityFrameworkCore.Analyzers": {
        "type": "Transitive",
        "resolved": "6.0.10",
        "contentHash": "b4jKcjo6BLuBRjLTkZPjJCvZ7oa3a798Q1AXSMAknitpBEOEIDryyRd7XZ0cnEIVCvfSND+Trgb00Z4TiTqOvg=="
      },
      "Microsoft.Extensions.Caching.Abstractions": {
        "type": "Transitive",
        "resolved": "6.0.0",
        "contentHash": "bcz5sSFJbganH0+YrfvIjJDIcKNW7TL07C4d1eTmXy/wOt52iz4LVogJb6pazs7W0+74j0YpXFErvp++Aq5Bsw==",
        "dependencies": {
          "Microsoft.Extensions.Primitives": "6.0.0"
        }
      },
      "Microsoft.Extensions.Caching.Memory": {
        "type": "Transitive",
        "resolved": "6.0.1",
        "contentHash": "B4y+Cev05eMcjf1na0v9gza6GUtahXbtY1JCypIgx3B4Ea/KAgsWyXEmW4q6zMbmTMtKzmPVk09rvFJirvMwTg==",
        "dependencies": {
          "Microsoft.Extensions.Caching.Abstractions": "6.0.0",
          "Microsoft.Extensions.DependencyInjection.Abstractions": "6.0.0",
          "Microsoft.Extensions.Logging.Abstractions": "6.0.0",
          "Microsoft.Extensions.Options": "6.0.0",
          "Microsoft.Extensions.Primitives": "6.0.0"
        }
      },
      "Microsoft.Extensions.Configuration": {
        "type": "Transitive",
        "resolved": "5.0.0",
        "contentHash": "LN322qEKHjuVEhhXueTUe7RNePooZmS8aGid5aK2woX3NPjSnONFyKUc6+JknOS6ce6h2tCLfKPTBXE3mN/6Ag==",
        "dependencies": {
          "Microsoft.Extensions.Configuration.Abstractions": "5.0.0",
          "Microsoft.Extensions.Primitives": "5.0.0"
        }
      },
      "Microsoft.Extensions.Configuration.Abstractions": {
        "type": "Transitive",
        "resolved": "5.0.0",
        "contentHash": "ETjSBHMp3OAZ4HxGQYpwyGsD8Sw5FegQXphi0rpoGMT74S4+I2mm7XJEswwn59XAaKOzC15oDSOWEE8SzDCd6Q==",
        "dependencies": {
          "Microsoft.Extensions.Primitives": "5.0.0"
        }
      },
      "Microsoft.Extensions.Configuration.Binder": {
        "type": "Transitive",
        "resolved": "5.0.0",
        "contentHash": "Of1Irt1+NzWO+yEYkuDh5TpT4On7LKl98Q9iLqCdOZps6XXEWDj3AKtmyvzJPVXZe4apmkJJIiDL7rR1yC+hjQ==",
        "dependencies": {
          "Microsoft.Extensions.Configuration.Abstractions": "5.0.0"
        }
      },
      "Microsoft.Extensions.Configuration.CommandLine": {
        "type": "Transitive",
        "resolved": "5.0.0",
        "contentHash": "OelM+VQdhZ0XMXsEQBq/bt3kFzD+EBGqR4TAgFDRAye0JfvHAaRi+3BxCRcwqUAwDhV0U0HieljBGHlTgYseRA==",
        "dependencies": {
          "Microsoft.Extensions.Configuration": "5.0.0",
          "Microsoft.Extensions.Configuration.Abstractions": "5.0.0"
        }
      },
      "Microsoft.Extensions.Configuration.EnvironmentVariables": {
        "type": "Transitive",
        "resolved": "5.0.0",
        "contentHash": "fqh6y6hAi0Z0fRsb4B/mP9OkKkSlifh5osa+N/YSQ+/S2a//+zYApZMUC1XeP9fdjlgZoPQoZ72Q2eLHyKLddQ==",
        "dependencies": {
          "Microsoft.Extensions.Configuration": "5.0.0",
          "Microsoft.Extensions.Configuration.Abstractions": "5.0.0"
        }
      },
      "Microsoft.Extensions.Configuration.FileExtensions": {
        "type": "Transitive",
        "resolved": "5.0.0",
        "contentHash": "rRdspYKA18ViPOISwAihhCMbusHsARCOtDMwa23f+BGEdIjpKPlhs3LLjmKlxfhpGXBjIsS0JpXcChjRUN+PAw==",
        "dependencies": {
          "Microsoft.Extensions.Configuration": "5.0.0",
          "Microsoft.Extensions.Configuration.Abstractions": "5.0.0",
          "Microsoft.Extensions.FileProviders.Abstractions": "5.0.0",
          "Microsoft.Extensions.FileProviders.Physical": "5.0.0",
          "Microsoft.Extensions.Primitives": "5.0.0"
        }
      },
      "Microsoft.Extensions.Configuration.Json": {
        "type": "Transitive",
        "resolved": "5.0.0",
        "contentHash": "Pak8ymSUfdzPfBTLHxeOwcR32YDbuVfhnH2hkfOLnJNQd19ItlBdpMjIDY9C5O/nS2Sn9bzDMai0ZrvF7KyY/Q==",
        "dependencies": {
          "Microsoft.Extensions.Configuration": "5.0.0",
          "Microsoft.Extensions.Configuration.Abstractions": "5.0.0",
          "Microsoft.Extensions.Configuration.FileExtensions": "5.0.0",
          "Microsoft.Extensions.FileProviders.Abstractions": "5.0.0"
        }
      },
      "Microsoft.Extensions.Configuration.UserSecrets": {
        "type": "Transitive",
        "resolved": "5.0.0",
        "contentHash": "+tK3seG68106lN277YWQvqmfyI/89w0uTu/5Gz5VYSUu5TI4mqwsaWLlSmT9Bl1yW/i1Nr06gHJxqaqB5NU9Tw==",
        "dependencies": {
          "Microsoft.Extensions.Configuration.Abstractions": "5.0.0",
          "Microsoft.Extensions.Configuration.Json": "5.0.0",
          "Microsoft.Extensions.FileProviders.Abstractions": "5.0.0",
          "Microsoft.Extensions.FileProviders.Physical": "5.0.0"
        }
      },
      "Microsoft.Extensions.DependencyInjection": {
        "type": "Transitive",
        "resolved": "6.0.1",
        "contentHash": "vWXPg3HJQIpZkENn1KWq8SfbqVujVD7S7vIAyFXXqK5xkf1Vho+vG0bLBCHxU36lD1cLLtmGpfYf0B3MYFi9tQ==",
        "dependencies": {
          "Microsoft.Extensions.DependencyInjection.Abstractions": "6.0.0",
          "System.Runtime.CompilerServices.Unsafe": "6.0.0"
        }
      },
      "Microsoft.Extensions.DependencyInjection.Abstractions": {
        "type": "Transitive",
        "resolved": "6.0.0",
        "contentHash": "xlzi2IYREJH3/m6+lUrQlujzX8wDitm4QGnUu6kUXTQAWPuZY8i+ticFJbzfqaetLA6KR/rO6Ew/HuYD+bxifg=="
      },
      "Microsoft.Extensions.FileProviders.Abstractions": {
        "type": "Transitive",
        "resolved": "5.0.0",
        "contentHash": "iuZIiZ3mteEb+nsUqpGXKx2cGF+cv6gWPd5jqQI4hzqdiJ6I94ddLjKhQOuRW1lueHwocIw30xbSHGhQj0zjdQ==",
        "dependencies": {
          "Microsoft.Extensions.Primitives": "5.0.0"
        }
      },
      "Microsoft.Extensions.FileProviders.Physical": {
        "type": "Transitive",
        "resolved": "5.0.0",
        "contentHash": "1rkd8UO2qf21biwO7X0hL9uHP7vtfmdv/NLvKgCRHkdz1XnW8zVQJXyEYiN68WYpExgtVWn55QF0qBzgfh1mGg==",
        "dependencies": {
          "Microsoft.Extensions.FileProviders.Abstractions": "5.0.0",
          "Microsoft.Extensions.FileSystemGlobbing": "5.0.0",
          "Microsoft.Extensions.Primitives": "5.0.0"
        }
      },
      "Microsoft.Extensions.FileSystemGlobbing": {
        "type": "Transitive",
        "resolved": "5.0.0",
        "contentHash": "ArliS8lGk8sWRtrWpqI8yUVYJpRruPjCDT+EIjrgkA/AAPRctlAkRISVZ334chAKktTLzD1+PK8F5IZpGedSqA=="
      },
      "Microsoft.Extensions.Hosting": {
        "type": "Transitive",
        "resolved": "5.0.0",
        "contentHash": "hiokSU1TOVfcqpQAnpiOzP2rE9p+niq92g5yeAnwlbSrUlIdIS6M8emCknZvhdOagQA9x5YWNwe1n0kFUwE0NQ==",
        "dependencies": {
          "Microsoft.Extensions.Configuration": "5.0.0",
          "Microsoft.Extensions.Configuration.Abstractions": "5.0.0",
          "Microsoft.Extensions.Configuration.Binder": "5.0.0",
          "Microsoft.Extensions.Configuration.CommandLine": "5.0.0",
          "Microsoft.Extensions.Configuration.EnvironmentVariables": "5.0.0",
          "Microsoft.Extensions.Configuration.FileExtensions": "5.0.0",
          "Microsoft.Extensions.Configuration.Json": "5.0.0",
          "Microsoft.Extensions.Configuration.UserSecrets": "5.0.0",
          "Microsoft.Extensions.DependencyInjection": "5.0.0",
          "Microsoft.Extensions.DependencyInjection.Abstractions": "5.0.0",
          "Microsoft.Extensions.FileProviders.Abstractions": "5.0.0",
          "Microsoft.Extensions.FileProviders.Physical": "5.0.0",
          "Microsoft.Extensions.Hosting.Abstractions": "5.0.0",
          "Microsoft.Extensions.Logging": "5.0.0",
          "Microsoft.Extensions.Logging.Abstractions": "5.0.0",
          "Microsoft.Extensions.Logging.Configuration": "5.0.0",
          "Microsoft.Extensions.Logging.Console": "5.0.0",
          "Microsoft.Extensions.Logging.Debug": "5.0.0",
          "Microsoft.Extensions.Logging.EventLog": "5.0.0",
          "Microsoft.Extensions.Logging.EventSource": "5.0.0",
          "Microsoft.Extensions.Options": "5.0.0"
        }
      },
      "Microsoft.Extensions.Hosting.Abstractions": {
        "type": "Transitive",
        "resolved": "5.0.0",
        "contentHash": "cbUOCePYBl1UhM+N2zmDSUyJ6cODulbtUd9gEzMFIK3RQDtP/gJsE08oLcBSXH3Q1RAQ0ex7OAB3HeTKB9bXpg==",
        "dependencies": {
          "Microsoft.Extensions.Configuration.Abstractions": "5.0.0",
          "Microsoft.Extensions.DependencyInjection.Abstractions": "5.0.0",
          "Microsoft.Extensions.FileProviders.Abstractions": "5.0.0"
        }
      },
      "Microsoft.Extensions.Http": {
        "type": "Transitive",
        "resolved": "3.0.3",
        "contentHash": "dcyB8szIcSynjVZRuFgqkZpPgTc5zeRSj1HMXSmNqWbHYKiPYJl8ZQgBHz6wmZNSUUNGpCs5uxUg8DZHHDC1Ew==",
        "dependencies": {
          "Microsoft.Extensions.DependencyInjection.Abstractions": "3.0.3",
          "Microsoft.Extensions.Logging": "3.0.3",
          "Microsoft.Extensions.Options": "3.0.3"
        }
      },
      "Microsoft.Extensions.Logging": {
        "type": "Transitive",
        "resolved": "6.0.0",
        "contentHash": "eIbyj40QDg1NDz0HBW0S5f3wrLVnKWnDJ/JtZ+yJDFnDj90VoPuoPmFkeaXrtu+0cKm5GRAwoDf+dBWXK0TUdg==",
        "dependencies": {
          "Microsoft.Extensions.DependencyInjection": "6.0.0",
          "Microsoft.Extensions.DependencyInjection.Abstractions": "6.0.0",
          "Microsoft.Extensions.Logging.Abstractions": "6.0.0",
          "Microsoft.Extensions.Options": "6.0.0",
          "System.Diagnostics.DiagnosticSource": "6.0.0"
        }
      },
      "Microsoft.Extensions.Logging.Abstractions": {
        "type": "Transitive",
        "resolved": "6.0.0",
        "contentHash": "/HggWBbTwy8TgebGSX5DBZ24ndhzi93sHUBDvP1IxbZD7FDokYzdAr6+vbWGjw2XAfR2EJ1sfKUotpjHnFWPxA=="
      },
      "Microsoft.Extensions.Logging.Configuration": {
        "type": "Transitive",
        "resolved": "5.0.0",
        "contentHash": "N3/d0HeMRnBekadbZlmbp+In8EvNNkQHSdbtRzjrGVckdZWpYs5GNrAfaYqVplDFW0WUedSaFJ3khB50BWYGsw==",
        "dependencies": {
          "Microsoft.Extensions.Configuration": "5.0.0",
          "Microsoft.Extensions.Configuration.Abstractions": "5.0.0",
          "Microsoft.Extensions.Configuration.Binder": "5.0.0",
          "Microsoft.Extensions.DependencyInjection.Abstractions": "5.0.0",
          "Microsoft.Extensions.Logging": "5.0.0",
          "Microsoft.Extensions.Logging.Abstractions": "5.0.0",
          "Microsoft.Extensions.Options": "5.0.0",
          "Microsoft.Extensions.Options.ConfigurationExtensions": "5.0.0"
        }
      },
      "Microsoft.Extensions.Logging.Console": {
        "type": "Transitive",
        "resolved": "5.0.0",
        "contentHash": "jH0wbWhfvXjOVmCkbra4vbiovDtTUIWLQjCeJ7Xun3h4AHvwfzm7V7wlsXKs3tNnPrsCxZ9oaV0vUAgGY1JxOA==",
        "dependencies": {
          "Microsoft.Extensions.Configuration.Abstractions": "5.0.0",
          "Microsoft.Extensions.DependencyInjection.Abstractions": "5.0.0",
          "Microsoft.Extensions.Logging": "5.0.0",
          "Microsoft.Extensions.Logging.Abstractions": "5.0.0",
          "Microsoft.Extensions.Logging.Configuration": "5.0.0",
          "Microsoft.Extensions.Options": "5.0.0",
          "Microsoft.Extensions.Options.ConfigurationExtensions": "5.0.0"
        }
      },
      "Microsoft.Extensions.Logging.Debug": {
        "type": "Transitive",
        "resolved": "5.0.0",
        "contentHash": "9dvt0xqRrClvhaPNpfyS39WxnW9G55l5lrV5ZX7IrEgwo4VwtmJKtoPiKVYKbhAuOBGUI5WY3hWLvF+PSbJp5A==",
        "dependencies": {
          "Microsoft.Extensions.DependencyInjection.Abstractions": "5.0.0",
          "Microsoft.Extensions.Logging": "5.0.0",
          "Microsoft.Extensions.Logging.Abstractions": "5.0.0"
        }
      },
      "Microsoft.Extensions.Logging.EventLog": {
        "type": "Transitive",
        "resolved": "5.0.0",
        "contentHash": "CYzsgF2lqgahGl/HuErsIDaZZ9ueN+MBjGfO/0jVDLPaXLaywxlGKFpDgXMaB053DRYZwD1H2Lb1I60mTXS3jg==",
        "dependencies": {
          "Microsoft.Extensions.DependencyInjection.Abstractions": "5.0.0",
          "Microsoft.Extensions.Logging": "5.0.0",
          "Microsoft.Extensions.Logging.Abstractions": "5.0.0",
          "Microsoft.Extensions.Options": "5.0.0",
          "System.Diagnostics.EventLog": "5.0.0"
        }
      },
      "Microsoft.Extensions.Logging.EventSource": {
        "type": "Transitive",
        "resolved": "5.0.0",
        "contentHash": "hF+D6PJkrM0qXcSEGs1BwZwgP8c0BRkj26P/5wmYTcHKOp52GRey/Z/YKRmRIHIrXxj9tz/JgIjU9oWmiJ5HMw==",
        "dependencies": {
          "Microsoft.Extensions.DependencyInjection.Abstractions": "5.0.0",
          "Microsoft.Extensions.Logging": "5.0.0",
          "Microsoft.Extensions.Logging.Abstractions": "5.0.0",
          "Microsoft.Extensions.Options": "5.0.0",
          "Microsoft.Extensions.Primitives": "5.0.0"
        }
      },
      "Microsoft.Extensions.Options": {
        "type": "Transitive",
        "resolved": "6.0.0",
        "contentHash": "dzXN0+V1AyjOe2xcJ86Qbo233KHuLEY0njf/P2Kw8SfJU+d45HNS2ctJdnEnrWbM9Ye2eFgaC5Mj9otRMU6IsQ==",
        "dependencies": {
          "Microsoft.Extensions.DependencyInjection.Abstractions": "6.0.0",
          "Microsoft.Extensions.Primitives": "6.0.0"
        }
      },
      "Microsoft.Extensions.Options.ConfigurationExtensions": {
        "type": "Transitive",
        "resolved": "5.0.0",
        "contentHash": "280RxNJqOeQqq47aJLy5D9LN61CAWeuRA83gPToQ8B9jl9SNdQ5EXjlfvF66zQI5AXMl+C/3hGnbtIEN+X3mqA==",
        "dependencies": {
          "Microsoft.Extensions.Configuration.Abstractions": "5.0.0",
          "Microsoft.Extensions.Configuration.Binder": "5.0.0",
          "Microsoft.Extensions.DependencyInjection.Abstractions": "5.0.0",
          "Microsoft.Extensions.Options": "5.0.0",
          "Microsoft.Extensions.Primitives": "5.0.0"
        }
      },
      "Microsoft.Extensions.Primitives": {
        "type": "Transitive",
        "resolved": "6.0.0",
        "contentHash": "9+PnzmQFfEFNR9J2aDTfJGGupShHjOuGw4VUv+JB044biSHrnmCIMD+mJHmb2H7YryrfBEXDurxQ47gJZdCKNQ==",
        "dependencies": {
          "System.Runtime.CompilerServices.Unsafe": "6.0.0"
        }
      },
      "Microsoft.NETCore.Platforms": {
        "type": "Transitive",
        "resolved": "5.0.0",
        "contentHash": "VyPlqzH2wavqquTcYpkIIAQ6WdenuKoFN0BdYBbCWsclXacSOHNQn66Gt4z5NBqEYW0FAPm5rlvki9ZiCij5xQ=="
      },
      "Microsoft.Win32.Registry": {
        "type": "Transitive",
        "resolved": "5.0.0",
        "contentHash": "dDoKi0PnDz31yAyETfRntsLArTlVAVzUzCIvvEDsDsucrl33Dl8pIJG06ePTJTI3tGpeyHS9Cq7Foc/s4EeKcg==",
        "dependencies": {
          "System.Security.AccessControl": "5.0.0",
          "System.Security.Principal.Windows": "5.0.0"
        }
      },
      "System.Collections.Immutable": {
        "type": "Transitive",
        "resolved": "6.0.0",
        "contentHash": "l4zZJ1WU2hqpQQHXz1rvC3etVZN+2DLmQMO79FhOTZHMn8tDRr+WU287sbomD0BETlmKDn0ygUgVy9k5xkkJdA==",
        "dependencies": {
          "System.Runtime.CompilerServices.Unsafe": "6.0.0"
        }
      },
      "System.Composition": {
        "type": "Transitive",
        "resolved": "6.0.0",
        "contentHash": "d7wMuKQtfsxUa7S13tITC8n1cQzewuhD5iDjZtK2prwFfKVzdYtgrTHgjaV03Zq7feGQ5gkP85tJJntXwInsJA==",
        "dependencies": {
          "System.Composition.AttributedModel": "6.0.0",
          "System.Composition.Convention": "6.0.0",
          "System.Composition.Hosting": "6.0.0",
          "System.Composition.Runtime": "6.0.0",
          "System.Composition.TypedParts": "6.0.0"
        }
      },
      "System.Composition.AttributedModel": {
        "type": "Transitive",
        "resolved": "6.0.0",
        "contentHash": "WK1nSDLByK/4VoC7fkNiFuTVEiperuCN/Hyn+VN30R+W2ijO1d0Z2Qm0ScEl9xkSn1G2MyapJi8xpf4R8WRa/w=="
      },
      "System.Composition.Convention": {
        "type": "Transitive",
        "resolved": "6.0.0",
        "contentHash": "XYi4lPRdu5bM4JVJ3/UIHAiG6V6lWWUlkhB9ab4IOq0FrRsp0F4wTyV4Dj+Ds+efoXJ3qbLqlvaUozDO7OLeXA==",
        "dependencies": {
          "System.Composition.AttributedModel": "6.0.0"
        }
      },
      "System.Composition.Hosting": {
        "type": "Transitive",
        "resolved": "6.0.0",
        "contentHash": "w/wXjj7kvxuHPLdzZ0PAUt++qJl03t7lENmb2Oev0n3zbxyNULbWBlnd5J5WUMMv15kg5o+/TCZFb6lSwfaUUQ==",
        "dependencies": {
          "System.Composition.Runtime": "6.0.0"
        }
      },
      "System.Composition.Runtime": {
        "type": "Transitive",
        "resolved": "6.0.0",
        "contentHash": "qkRH/YBaMPTnzxrS5RDk1juvqed4A6HOD/CwRcDGyPpYps1J27waBddiiq1y93jk2ZZ9wuA/kynM+NO0kb3PKg=="
      },
      "System.Composition.TypedParts": {
        "type": "Transitive",
        "resolved": "6.0.0",
        "contentHash": "iUR1eHrL8Cwd82neQCJ00MpwNIBs4NZgXzrPqx8NJf/k4+mwBO0XCRmHYJT4OLSwDDqh5nBLJWkz5cROnrGhRA==",
        "dependencies": {
          "System.Composition.AttributedModel": "6.0.0",
          "System.Composition.Hosting": "6.0.0",
          "System.Composition.Runtime": "6.0.0"
        }
      },
      "System.Diagnostics.DiagnosticSource": {
        "type": "Transitive",
        "resolved": "6.0.0",
        "contentHash": "frQDfv0rl209cKm1lnwTgFPzNigy2EKk1BS3uAvHvlBVKe5cymGyHO+Sj+NLv5VF/AhHsqPIUUwya5oV4CHMUw==",
        "dependencies": {
          "System.Runtime.CompilerServices.Unsafe": "6.0.0"
        }
      },
      "System.Diagnostics.EventLog": {
        "type": "Transitive",
        "resolved": "5.0.0",
        "contentHash": "FHkCwUfsTs+/5tsK+c0egLfacUgbhvcwi3wUFWSEEArSXao343mYqcpOVVFMlcCkdNtjU4YwAWaKYwal6f02og==",
        "dependencies": {
          "Microsoft.NETCore.Platforms": "5.0.0",
          "Microsoft.Win32.Registry": "5.0.0",
          "System.Security.Principal.Windows": "5.0.0"
        }
      },
      "System.IO.Pipelines": {
        "type": "Transitive",
        "resolved": "6.0.3",
        "contentHash": "ryTgF+iFkpGZY1vRQhfCzX0xTdlV3pyaTTqRu2ETbEv+HlV7O6y7hyQURnghNIXvctl5DuZ//Dpks6HdL/Txgw=="
      },
      "System.Memory": {
        "type": "Transitive",
        "resolved": "4.5.4",
        "contentHash": "1MbJTHS1lZ4bS4FmsJjnuGJOu88ZzTT2rLvrhW7Ygic+pC0NWA+3hgAen0HRdsocuQXCkUTdFn9yHJJhsijDXw=="
      },
      "System.Memory.Data": {
        "type": "Transitive",
        "resolved": "1.0.2",
        "contentHash": "JGkzeqgBsiZwKJZ1IxPNsDFZDhUvuEdX8L8BDC8N3KOj+6zMcNU28CNN59TpZE/VJYy9cP+5M+sbxtWJx3/xtw==",
        "dependencies": {
          "System.Text.Encodings.Web": "4.7.2",
          "System.Text.Json": "4.6.0"
        }
      },
      "System.Numerics.Vectors": {
        "type": "Transitive",
        "resolved": "4.5.0",
        "contentHash": "QQTlPTl06J/iiDbJCiepZ4H//BVraReU4O4EoRw1U02H5TLUIT7xn3GnDp9AXPSlJUDyFs4uWjWafNX6WrAojQ=="
      },
      "System.Reflection.Metadata": {
        "type": "Transitive",
        "resolved": "5.0.0",
        "contentHash": "5NecZgXktdGg34rh1OenY1rFNDCI8xSjFr+Z4OU4cU06AQHUdRnIIEeWENu3Wl4YowbzkymAIMvi3WyK9U53pQ=="
      },
      "System.Runtime.CompilerServices.Unsafe": {
        "type": "Transitive",
        "resolved": "6.0.0",
        "contentHash": "/iUeP3tq1S0XdNNoMz5C9twLSrM/TH+qElHkXWaPvuNOt+99G75NrV0OS2EqHx5wMN7popYjpc8oTjC1y16DLg=="
      },
      "System.Security.AccessControl": {
        "type": "Transitive",
        "resolved": "5.0.0",
        "contentHash": "dagJ1mHZO3Ani8GH0PHpPEe/oYO+rVdbQjvjJkBRNQkX4t0r1iaeGn8+/ybkSLEan3/slM0t59SVdHzuHf2jmw==",
        "dependencies": {
          "Microsoft.NETCore.Platforms": "5.0.0",
          "System.Security.Principal.Windows": "5.0.0"
        }
      },
      "System.Security.Principal.Windows": {
        "type": "Transitive",
        "resolved": "5.0.0",
        "contentHash": "t0MGLukB5WAVU9bO3MGzvlGnyJPgUlcwerXn1kzBRjwLKixT96XV0Uza41W49gVd8zEMFu9vQEFlv0IOrytICA=="
      },
      "System.ServiceModel.Syndication": {
        "type": "Transitive",
        "resolved": "6.0.0",
        "contentHash": "cp1mMNG87iJtE0oHXFtfWT6cfski2JNo5iU0siTPi/uN2k1CIJI6FE4jr4v3got2dzt7wBq17fSy44btun9GiA=="
      },
      "System.Text.Encoding.CodePages": {
        "type": "Transitive",
        "resolved": "6.0.0",
        "contentHash": "ZFCILZuOvtKPauZ/j/swhvw68ZRi9ATCfvGbk1QfydmcXBkIWecWKn/250UH7rahZ5OoDBaiAudJtPvLwzw85A==",
        "dependencies": {
          "System.Runtime.CompilerServices.Unsafe": "6.0.0"
        }
      },
      "System.Text.Encodings.Web": {
        "type": "Transitive",
        "resolved": "4.7.2",
        "contentHash": "iTUgB/WtrZ1sWZs84F2hwyQhiRH6QNjQv2DkwrH+WP6RoFga2Q1m3f9/Q7FG8cck8AdHitQkmkXSY8qylcDmuA=="
      },
      "System.Text.Json": {
        "type": "Transitive",
        "resolved": "4.7.2",
        "contentHash": "TcMd95wcrubm9nHvJEQs70rC0H/8omiSGGpU4FQ/ZA1URIqD4pjmFJh2Mfv1yH1eHgJDWTi2hMDXwTET+zOOyg=="
      },
      "System.Threading.Tasks.Extensions": {
        "type": "Transitive",
        "resolved": "4.5.4",
        "contentHash": "zteT+G8xuGu6mS+mzDzYXbzS7rd3K6Fjb9RiZlYlJPam2/hU7JCBZBVEcywNuR+oZ1ncTvc/cq0faRr3P01OVg=="
      },
      "RssFeeder.Application": {
        "type": "Project",
        "dependencies": {
          "AutoMapper.Extensions.Microsoft.DependencyInjection": "[12.0.0, )",
          "FluentValidation.DependencyInjectionExtensions": "[11.2.2, )",
          "MediatR.Extensions.Microsoft.DependencyInjection": "[11.0.0, )",
          "Microsoft.CodeAnalysis.CSharp.Workspaces": "[4.3.1, )",
          "Microsoft.EntityFrameworkCore": "[6.0.10, )",
          "RssFeeder.Domain": "[1.0.0, )",
          "System.ServiceModel.Syndication": "[6.0.0, )"
        }
      },
      "RssFeeder.Domain": {
        "type": "Project",
        "dependencies": {
          "AutoMapper.Extensions.Microsoft.DependencyInjection": "[12.0.0, )",
          "FluentValidation.DependencyInjectionExtensions": "[11.2.2, )",
          "MediatR": "[11.0.0, )",
          "Microsoft.CodeAnalysis.CSharp.Workspaces": "[4.3.1, )",
          "RssFeeder.SharedKernel": "[1.0.0, )",
          "System.ServiceModel.Syndication": "[6.0.0, )"
        }
      },
      "RssFeeder.Infrastructure.AzureTable": {
        "type": "Project",
        "dependencies": {
          "AutoMapper": "[12.0.0, )",
          "AutoMapper.Extensions.Microsoft.DependencyInjection": "[12.0.0, )",
          "Azure.Data.Tables": "[12.6.1, )",
          "Microsoft.CodeAnalysis.CSharp.Workspaces": "[4.3.1, )",
          "Microsoft.Extensions.DependencyInjection": "[6.0.1, )",
          "RssFeeder.Application": "[1.0.0, )",
          "RssFeeder.SharedKernel": "[1.0.0, )"
        }
      },
      "RssFeeder.SharedKernel": {
        "type": "Project",
        "dependencies": {
          "MediatR": "[11.0.0, )",
          "Microsoft.CodeAnalysis.CSharp.Workspaces": "[4.3.1, )"
        }
      }
    }
  }
}